// !$*UTF8*$!
{
	archiveVersion = 1;
	classes = {
	};
	objectVersion = 50;
	objects = {

/* Begin PBXBuildFile section */
		FF21428524F7CF38000F4ED3 /* AllGroupsController.swift in Sources */ = {isa = PBXBuildFile; fileRef = FF21428424F7CF38000F4ED3 /* AllGroupsController.swift */; };
		FF21428724F7CF56000F4ED3 /* AllGroupsCell.swift in Sources */ = {isa = PBXBuildFile; fileRef = FF21428624F7CF56000F4ED3 /* AllGroupsCell.swift */; };
		FF21428F24F8131C000F4ED3 /* MyGroupsController.swift in Sources */ = {isa = PBXBuildFile; fileRef = FF21428E24F8131C000F4ED3 /* MyGroupsController.swift */; };
		FF21429124F8134F000F4ED3 /* MyGroupsCell.swift in Sources */ = {isa = PBXBuildFile; fileRef = FF21429024F8134F000F4ED3 /* MyGroupsCell.swift */; };
		FF242A8625077BC100116C38 /* User.swift in Sources */ = {isa = PBXBuildFile; fileRef = FF242A8525077BC100116C38 /* User.swift */; };
		FF2C5C4C2528D9580082C7B5 /* UrlService.swift in Sources */ = {isa = PBXBuildFile; fileRef = FF2C5C4B2528D9580082C7B5 /* UrlService.swift */; };
		FF2D624525098B7600E15F65 /* FriendsCellHeaderItem.swift in Sources */ = {isa = PBXBuildFile; fileRef = FF2D624425098B7600E15F65 /* FriendsCellHeaderItem.swift */; };
		FF30054A250AD2E700B19AB2 /* NewsCell.swift in Sources */ = {isa = PBXBuildFile; fileRef = FF300549250AD2E700B19AB2 /* NewsCell.swift */; };
		FF30054C250AD46700B19AB2 /* NewsController.swift in Sources */ = {isa = PBXBuildFile; fileRef = FF30054B250AD46700B19AB2 /* NewsController.swift */; };
		FF4B097F2518CBC8008CB18B /* Group.swift in Sources */ = {isa = PBXBuildFile; fileRef = FF4B097E2518CBC8008CB18B /* Group.swift */; };
		FF4B09832518CC86008CB18B /* GroupsCellHeaderItem.swift in Sources */ = {isa = PBXBuildFile; fileRef = FF4B09822518CC86008CB18B /* GroupsCellHeaderItem.swift */; };
		FF4EEE952513AC4B00E1D814 /* Photo.swift in Sources */ = {isa = PBXBuildFile; fileRef = FF4EEE942513AC4B00E1D814 /* Photo.swift */; };
		FF4F034225023CAE0022F310 /* AvatarView.swift in Sources */ = {isa = PBXBuildFile; fileRef = FF4F034125023CAE0022F310 /* AvatarView.swift */; };
		FF4F034425025FED0022F310 /* ShadowView.swift in Sources */ = {isa = PBXBuildFile; fileRef = FF4F034325025FED0022F310 /* ShadowView.swift */; };
		FF5EEF54251DF7DD006269BB /* Session.swift in Sources */ = {isa = PBXBuildFile; fileRef = FF5EEF53251DF7DD006269BB /* Session.swift */; };
		FF63784124F6F38700838F45 /* AllFriendsController.swift in Sources */ = {isa = PBXBuildFile; fileRef = FF63784024F6F38700838F45 /* AllFriendsController.swift */; };
		FF63784324F6F39700838F45 /* AllFriendsCell.swift in Sources */ = {isa = PBXBuildFile; fileRef = FF63784224F6F39700838F45 /* AllFriendsCell.swift */; };
		FF6AC66D250D7E8000B95C75 /* LoadingAnimation.swift in Sources */ = {isa = PBXBuildFile; fileRef = FF6AC66C250D7E8000B95C75 /* LoadingAnimation.swift */; };
		FF6F2D13250646CF003EC1E6 /* AllFriendsCellHeader.swift in Sources */ = {isa = PBXBuildFile; fileRef = FF6F2D12250646CF003EC1E6 /* AllFriendsCellHeader.swift */; };
		FF7B11B325027D3C00CAE117 /* LikedIt.swift in Sources */ = {isa = PBXBuildFile; fileRef = FF7B11B225027D3C00CAE117 /* LikedIt.swift */; };
		FFCD295F250F547900C7E83F /* PhotoCell.swift in Sources */ = {isa = PBXBuildFile; fileRef = FFCD295E250F547900C7E83F /* PhotoCell.swift */; };
		FFCD29612510E1D300C7E83F /* CustomPushAnimator.swift in Sources */ = {isa = PBXBuildFile; fileRef = FFCD29602510E1D300C7E83F /* CustomPushAnimator.swift */; };
		FFCD29632510EC9C00C7E83F /* CustomPopAnimator.swift in Sources */ = {isa = PBXBuildFile; fileRef = FFCD29622510EC9C00C7E83F /* CustomPopAnimator.swift */; };
		FFCD296525111DE900C7E83F /* CustomNavigationController.swift in Sources */ = {isa = PBXBuildFile; fileRef = FFCD296425111DE900C7E83F /* CustomNavigationController.swift */; };
		FFCD29672511503500C7E83F /* CustomInteractiveTransition.swift in Sources */ = {isa = PBXBuildFile; fileRef = FFCD29662511503500C7E83F /* CustomInteractiveTransition.swift */; };
		FFD3A4F2252DE74C00CF1FDE /* CoreDataStack.swift in Sources */ = {isa = PBXBuildFile; fileRef = FFD3A4F1252DE74C00CF1FDE /* CoreDataStack.swift */; };
		FFD3A4F6252DEBFB00CF1FDE /* LocalDB.xcdatamodeld in Sources */ = {isa = PBXBuildFile; fileRef = FFD3A4F4252DEBFB00CF1FDE /* LocalDB.xcdatamodeld */; };
		FFD3A4FA252DECB700CF1FDE /* User+CoreDataClass.swift in Sources */ = {isa = PBXBuildFile; fileRef = FFD3A4F8252DECB700CF1FDE /* User+CoreDataClass.swift */; };
		FFD3A4FB252DECB700CF1FDE /* User+CoreDataProperties.swift in Sources */ = {isa = PBXBuildFile; fileRef = FFD3A4F9252DECB700CF1FDE /* User+CoreDataProperties.swift */; };
		FFD3A500252DED8000CF1FDE /* LocalDataBaseService.swift in Sources */ = {isa = PBXBuildFile; fileRef = FFD3A4FF252DED8000CF1FDE /* LocalDataBaseService.swift */; };
		FFE762C42518BE81008DE0F9 /* AllGroupsCellHeader.swift in Sources */ = {isa = PBXBuildFile; fileRef = FFE762C32518BE81008DE0F9 /* AllGroupsCellHeader.swift */; };
		FFEFC7082504004700C95BA5 /* PhotoViewController.swift in Sources */ = {isa = PBXBuildFile; fileRef = FFEFC7072504004700C95BA5 /* PhotoViewController.swift */; };
		FFF4E36924F2A99F008310B6 /* AppDelegate.swift in Sources */ = {isa = PBXBuildFile; fileRef = FFF4E36824F2A99F008310B6 /* AppDelegate.swift */; };
		FFF4E36B24F2A99F008310B6 /* SceneDelegate.swift in Sources */ = {isa = PBXBuildFile; fileRef = FFF4E36A24F2A99F008310B6 /* SceneDelegate.swift */; };
		FFF4E36D24F2A99F008310B6 /* LoginViewController.swift in Sources */ = {isa = PBXBuildFile; fileRef = FFF4E36C24F2A99F008310B6 /* LoginViewController.swift */; };
		FFF4E37024F2A99F008310B6 /* Main.storyboard in Resources */ = {isa = PBXBuildFile; fileRef = FFF4E36E24F2A99F008310B6 /* Main.storyboard */; };
		FFF4E37224F2A9A2008310B6 /* Assets.xcassets in Resources */ = {isa = PBXBuildFile; fileRef = FFF4E37124F2A9A2008310B6 /* Assets.xcassets */; };
		FFF4E37524F2A9A2008310B6 /* LaunchScreen.storyboard in Resources */ = {isa = PBXBuildFile; fileRef = FFF4E37324F2A9A2008310B6 /* LaunchScreen.storyboard */; };
		FFF6327D25220C83001CF164 /* FriendsService.swift in Sources */ = {isa = PBXBuildFile; fileRef = FFF6327C25220C83001CF164 /* FriendsService.swift */; };
		FFF632812522141D001CF164 /* PhotosService.swift in Sources */ = {isa = PBXBuildFile; fileRef = FFF632802522141D001CF164 /* PhotosService.swift */; };
		FFF6328425221464001CF164 /* GroupsService.swift in Sources */ = {isa = PBXBuildFile; fileRef = FFF6328325221464001CF164 /* GroupsService.swift */; };
/* End PBXBuildFile section */

/* Begin PBXFileReference section */
		FF21428424F7CF38000F4ED3 /* AllGroupsController.swift */ = {isa = PBXFileReference; lastKnownFileType = sourcecode.swift; path = AllGroupsController.swift; sourceTree = "<group>"; };
		FF21428624F7CF56000F4ED3 /* AllGroupsCell.swift */ = {isa = PBXFileReference; lastKnownFileType = sourcecode.swift; path = AllGroupsCell.swift; sourceTree = "<group>"; };
		FF21428E24F8131C000F4ED3 /* MyGroupsController.swift */ = {isa = PBXFileReference; lastKnownFileType = sourcecode.swift; path = MyGroupsController.swift; sourceTree = "<group>"; };
		FF21429024F8134F000F4ED3 /* MyGroupsCell.swift */ = {isa = PBXFileReference; lastKnownFileType = sourcecode.swift; path = MyGroupsCell.swift; sourceTree = "<group>"; };
		FF242A8525077BC100116C38 /* User.swift */ = {isa = PBXFileReference; lastKnownFileType = sourcecode.swift; path = User.swift; sourceTree = "<group>"; };
		FF2C5C4B2528D9580082C7B5 /* UrlService.swift */ = {isa = PBXFileReference; lastKnownFileType = sourcecode.swift; path = UrlService.swift; sourceTree = "<group>"; };
		FF2D624425098B7600E15F65 /* FriendsCellHeaderItem.swift */ = {isa = PBXFileReference; lastKnownFileType = sourcecode.swift; path = FriendsCellHeaderItem.swift; sourceTree = "<group>"; };
		FF300549250AD2E700B19AB2 /* NewsCell.swift */ = {isa = PBXFileReference; lastKnownFileType = sourcecode.swift; path = NewsCell.swift; sourceTree = "<group>"; };
		FF30054B250AD46700B19AB2 /* NewsController.swift */ = {isa = PBXFileReference; lastKnownFileType = sourcecode.swift; path = NewsController.swift; sourceTree = "<group>"; };
		FF4B097E2518CBC8008CB18B /* Group.swift */ = {isa = PBXFileReference; lastKnownFileType = sourcecode.swift; path = Group.swift; sourceTree = "<group>"; };
		FF4B09822518CC86008CB18B /* GroupsCellHeaderItem.swift */ = {isa = PBXFileReference; lastKnownFileType = sourcecode.swift; path = GroupsCellHeaderItem.swift; sourceTree = "<group>"; };
		FF4EEE942513AC4B00E1D814 /* Photo.swift */ = {isa = PBXFileReference; lastKnownFileType = sourcecode.swift; path = Photo.swift; sourceTree = "<group>"; };
		FF4F034125023CAE0022F310 /* AvatarView.swift */ = {isa = PBXFileReference; lastKnownFileType = sourcecode.swift; path = AvatarView.swift; sourceTree = "<group>"; };
		FF4F034325025FED0022F310 /* ShadowView.swift */ = {isa = PBXFileReference; lastKnownFileType = sourcecode.swift; path = ShadowView.swift; sourceTree = "<group>"; };
		FF5EEF53251DF7DD006269BB /* Session.swift */ = {isa = PBXFileReference; lastKnownFileType = sourcecode.swift; path = Session.swift; sourceTree = "<group>"; };
		FF63784024F6F38700838F45 /* AllFriendsController.swift */ = {isa = PBXFileReference; lastKnownFileType = sourcecode.swift; path = AllFriendsController.swift; sourceTree = "<group>"; };
		FF63784224F6F39700838F45 /* AllFriendsCell.swift */ = {isa = PBXFileReference; lastKnownFileType = sourcecode.swift; path = AllFriendsCell.swift; sourceTree = "<group>"; };
		FF6AC66C250D7E8000B95C75 /* LoadingAnimation.swift */ = {isa = PBXFileReference; lastKnownFileType = sourcecode.swift; path = LoadingAnimation.swift; sourceTree = "<group>"; };
		FF6F2D12250646CF003EC1E6 /* AllFriendsCellHeader.swift */ = {isa = PBXFileReference; lastKnownFileType = sourcecode.swift; path = AllFriendsCellHeader.swift; sourceTree = "<group>"; };
		FF7B11B225027D3C00CAE117 /* LikedIt.swift */ = {isa = PBXFileReference; lastKnownFileType = sourcecode.swift; path = LikedIt.swift; sourceTree = "<group>"; };
		FFCD295E250F547900C7E83F /* PhotoCell.swift */ = {isa = PBXFileReference; lastKnownFileType = sourcecode.swift; path = PhotoCell.swift; sourceTree = "<group>"; };
		FFCD29602510E1D300C7E83F /* CustomPushAnimator.swift */ = {isa = PBXFileReference; lastKnownFileType = sourcecode.swift; path = CustomPushAnimator.swift; sourceTree = "<group>"; };
		FFCD29622510EC9C00C7E83F /* CustomPopAnimator.swift */ = {isa = PBXFileReference; lastKnownFileType = sourcecode.swift; path = CustomPopAnimator.swift; sourceTree = "<group>"; };
		FFCD296425111DE900C7E83F /* CustomNavigationController.swift */ = {isa = PBXFileReference; lastKnownFileType = sourcecode.swift; path = CustomNavigationController.swift; sourceTree = "<group>"; };
		FFCD29662511503500C7E83F /* CustomInteractiveTransition.swift */ = {isa = PBXFileReference; lastKnownFileType = sourcecode.swift; path = CustomInteractiveTransition.swift; sourceTree = "<group>"; };
		FFD3A4F1252DE74C00CF1FDE /* CoreDataStack.swift */ = {isa = PBXFileReference; lastKnownFileType = sourcecode.swift; path = CoreDataStack.swift; sourceTree = "<group>"; };
		FFD3A4F5252DEBFB00CF1FDE /* LocalDB.xcdatamodel */ = {isa = PBXFileReference; lastKnownFileType = wrapper.xcdatamodel; path = LocalDB.xcdatamodel; sourceTree = "<group>"; };
		FFD3A4F8252DECB700CF1FDE /* User+CoreDataClass.swift */ = {isa = PBXFileReference; lastKnownFileType = sourcecode.swift; path = "User+CoreDataClass.swift"; sourceTree = "<group>"; };
		FFD3A4F9252DECB700CF1FDE /* User+CoreDataProperties.swift */ = {isa = PBXFileReference; lastKnownFileType = sourcecode.swift; path = "User+CoreDataProperties.swift"; sourceTree = "<group>"; };
		FFD3A4FF252DED8000CF1FDE /* LocalDataBaseService.swift */ = {isa = PBXFileReference; lastKnownFileType = sourcecode.swift; path = LocalDataBaseService.swift; sourceTree = "<group>"; };
		FFE762C32518BE81008DE0F9 /* AllGroupsCellHeader.swift */ = {isa = PBXFileReference; lastKnownFileType = sourcecode.swift; path = AllGroupsCellHeader.swift; sourceTree = "<group>"; };
		FFEFC7072504004700C95BA5 /* PhotoViewController.swift */ = {isa = PBXFileReference; lastKnownFileType = sourcecode.swift; path = PhotoViewController.swift; sourceTree = "<group>"; };
		FFF4E36524F2A99F008310B6 /* VKApp.app */ = {isa = PBXFileReference; explicitFileType = wrapper.application; includeInIndex = 0; path = VKApp.app; sourceTree = BUILT_PRODUCTS_DIR; };
		FFF4E36824F2A99F008310B6 /* AppDelegate.swift */ = {isa = PBXFileReference; lastKnownFileType = sourcecode.swift; path = AppDelegate.swift; sourceTree = "<group>"; };
		FFF4E36A24F2A99F008310B6 /* SceneDelegate.swift */ = {isa = PBXFileReference; lastKnownFileType = sourcecode.swift; path = SceneDelegate.swift; sourceTree = "<group>"; };
		FFF4E36C24F2A99F008310B6 /* LoginViewController.swift */ = {isa = PBXFileReference; lastKnownFileType = sourcecode.swift; path = LoginViewController.swift; sourceTree = "<group>"; };
		FFF4E36F24F2A99F008310B6 /* Base */ = {isa = PBXFileReference; lastKnownFileType = file.storyboard; name = Base; path = Base.lproj/Main.storyboard; sourceTree = "<group>"; };
		FFF4E37124F2A9A2008310B6 /* Assets.xcassets */ = {isa = PBXFileReference; lastKnownFileType = folder.assetcatalog; path = Assets.xcassets; sourceTree = "<group>"; };
		FFF4E37424F2A9A2008310B6 /* Base */ = {isa = PBXFileReference; lastKnownFileType = file.storyboard; name = Base; path = Base.lproj/LaunchScreen.storyboard; sourceTree = "<group>"; };
		FFF4E37624F2A9A2008310B6 /* Info.plist */ = {isa = PBXFileReference; lastKnownFileType = text.plist.xml; path = Info.plist; sourceTree = "<group>"; };
		FFF6327C25220C83001CF164 /* FriendsService.swift */ = {isa = PBXFileReference; lastKnownFileType = sourcecode.swift; path = FriendsService.swift; sourceTree = "<group>"; };
		FFF632802522141D001CF164 /* PhotosService.swift */ = {isa = PBXFileReference; lastKnownFileType = sourcecode.swift; path = PhotosService.swift; sourceTree = "<group>"; };
		FFF6328325221464001CF164 /* GroupsService.swift */ = {isa = PBXFileReference; lastKnownFileType = sourcecode.swift; path = GroupsService.swift; sourceTree = "<group>"; };
/* End PBXFileReference section */

/* Begin PBXFrameworksBuildPhase section */
		FFF4E36224F2A99F008310B6 /* Frameworks */ = {
			isa = PBXFrameworksBuildPhase;
			buildActionMask = 2147483647;
			files = (
			);
			runOnlyForDeploymentPostprocessing = 0;
		};
/* End PBXFrameworksBuildPhase section */

/* Begin PBXGroup section */
		FF21428324F7CEFA000F4ED3 /* All Groups */ = {
			isa = PBXGroup;
			children = (
				FF21428424F7CF38000F4ED3 /* AllGroupsController.swift */,
				FF21428624F7CF56000F4ED3 /* AllGroupsCell.swift */,
				FFE762C32518BE81008DE0F9 /* AllGroupsCellHeader.swift */,
				FF4B09822518CC86008CB18B /* GroupsCellHeaderItem.swift */,
			);
			path = "All Groups";
			sourceTree = "<group>";
		};
		FF21428D24F812F7000F4ED3 /* My Groups */ = {
			isa = PBXGroup;
			children = (
				FF21428E24F8131C000F4ED3 /* MyGroupsController.swift */,
				FF21429024F8134F000F4ED3 /* MyGroupsCell.swift */,
			);
			path = "My Groups";
			sourceTree = "<group>";
		};
		FF242A8225077A4D00116C38 /* FriendsPhoto */ = {
			isa = PBXGroup;
			children = (
				FFEFC7072504004700C95BA5 /* PhotoViewController.swift */,
				FFCD295E250F547900C7E83F /* PhotoCell.swift */,
			);
			path = FriendsPhoto;
			sourceTree = "<group>";
		};
		FF242A8325077A9600116C38 /* Login */ = {
			isa = PBXGroup;
			children = (
				FFF4E36C24F2A99F008310B6 /* LoginViewController.swift */,
			);
			path = Login;
			sourceTree = "<group>";
		};
		FF242A8425077AF900116C38 /* Web Model */ = {
			isa = PBXGroup;
			children = (
				FF242A8525077BC100116C38 /* User.swift */,
				FF4B097E2518CBC8008CB18B /* Group.swift */,
				FF4EEE942513AC4B00E1D814 /* Photo.swift */,
			);
			path = "Web Model";
			sourceTree = "<group>";
		};
		FF300548250AD29C00B19AB2 /* News */ = {
			isa = PBXGroup;
			children = (
				FF30054B250AD46700B19AB2 /* NewsController.swift */,
				FF300549250AD2E700B19AB2 /* NewsCell.swift */,
			);
			path = News;
			sourceTree = "<group>";
		};
		FF35D7EC2511626D0093E0F3 /* Avatar */ = {
			isa = PBXGroup;
			children = (
				FF4F034125023CAE0022F310 /* AvatarView.swift */,
				FF4F034325025FED0022F310 /* ShadowView.swift */,
			);
			path = Avatar;
			sourceTree = "<group>";
		};
		FF35D7ED251162910093E0F3 /* Controls */ = {
			isa = PBXGroup;
			children = (
				FF6AC66C250D7E8000B95C75 /* LoadingAnimation.swift */,
				FF7B11B225027D3C00CAE117 /* LikedIt.swift */,
			);
			path = Controls;
			sourceTree = "<group>";
		};
		FF35D7EE251162B10093E0F3 /* NavigationController */ = {
			isa = PBXGroup;
			children = (
				FFCD296425111DE900C7E83F /* CustomNavigationController.swift */,
				FFCD29662511503500C7E83F /* CustomInteractiveTransition.swift */,
				FFCD29602510E1D300C7E83F /* CustomPushAnimator.swift */,
				FFCD29622510EC9C00C7E83F /* CustomPopAnimator.swift */,
			);
			path = NavigationController;
			sourceTree = "<group>";
		};
		FF519CBC252B1DCB002DF6F3 /* SupportedFiles */ = {
			isa = PBXGroup;
			children = (
				FFF4E36824F2A99F008310B6 /* AppDelegate.swift */,
				FFF4E36A24F2A99F008310B6 /* SceneDelegate.swift */,
				FFF4E37124F2A9A2008310B6 /* Assets.xcassets */,
				FFF4E37624F2A9A2008310B6 /* Info.plist */,
				FF5EEF53251DF7DD006269BB /* Session.swift */,
				FFD3A4F1252DE74C00CF1FDE /* CoreDataStack.swift */,
			);
			path = SupportedFiles;
			sourceTree = "<group>";
		};
		FF63783F24F6F2E300838F45 /* All Friends */ = {
			isa = PBXGroup;
			children = (
				FF63784024F6F38700838F45 /* AllFriendsController.swift */,
				FF63784224F6F39700838F45 /* AllFriendsCell.swift */,
				FF6F2D12250646CF003EC1E6 /* AllFriendsCellHeader.swift */,
				FF2D624425098B7600E15F65 /* FriendsCellHeaderItem.swift */,
			);
			path = "All Friends";
			sourceTree = "<group>";
		};
		FFD3A4FD252DECC200CF1FDE /* LocalDB Structures */ = {
			isa = PBXGroup;
			children = (
				FFD3A4F9252DECB700CF1FDE /* User+CoreDataProperties.swift */,
				FFD3A4F8252DECB700CF1FDE /* User+CoreDataClass.swift */,
			);
			path = "LocalDB Structures";
			sourceTree = "<group>";
		};
		FFD3A502252DF38200CF1FDE /* Interface */ = {
			isa = PBXGroup;
			children = (
				FF242A8325077A9600116C38 /* Login */,
				FF63783F24F6F2E300838F45 /* All Friends */,
				FF242A8225077A4D00116C38 /* FriendsPhoto */,
				FF21428324F7CEFA000F4ED3 /* All Groups */,
				FF21428D24F812F7000F4ED3 /* My Groups */,
				FF300548250AD29C00B19AB2 /* News */,
				FF35D7EC2511626D0093E0F3 /* Avatar */,
				FF35D7EE251162B10093E0F3 /* NavigationController */,
				FF35D7ED251162910093E0F3 /* Controls */,
			);
			path = Interface;
			sourceTree = "<group>";
		};
		FFF4E35C24F2A99F008310B6 = {
			isa = PBXGroup;
			children = (
				FFF4E36724F2A99F008310B6 /* VKApp */,
				FFF4E36624F2A99F008310B6 /* Products */,
			);
			sourceTree = "<group>";
		};
		FFF4E36624F2A99F008310B6 /* Products */ = {
			isa = PBXGroup;
			children = (
				FFF4E36524F2A99F008310B6 /* VKApp.app */,
			);
			name = Products;
			sourceTree = "<group>";
		};
		FFF4E36724F2A99F008310B6 /* VKApp */ = {
			isa = PBXGroup;
			children = (
				FF242A8425077AF900116C38 /* Web Model */,
				FFD3A4FD252DECC200CF1FDE /* LocalDB Structures */,
				FFF6327B25220B4B001CF164 /* Services */,
				FFD3A502252DF38200CF1FDE /* Interface */,
				FF519CBC252B1DCB002DF6F3 /* SupportedFiles */,
				FFF4E36E24F2A99F008310B6 /* Main.storyboard */,
				FFF4E37324F2A9A2008310B6 /* LaunchScreen.storyboard */,
				FFD3A4F4252DEBFB00CF1FDE /* LocalDB.xcdatamodeld */,
			);
			path = VKApp;
			sourceTree = "<group>";
		};
		FFF6327B25220B4B001CF164 /* Services */ = {
			isa = PBXGroup;
			children = (
				FF2C5C4B2528D9580082C7B5 /* UrlService.swift */,
				FFF6327C25220C83001CF164 /* FriendsService.swift */,
				FFF632802522141D001CF164 /* PhotosService.swift */,
				FFF6328325221464001CF164 /* GroupsService.swift */,
				FFD3A4FF252DED8000CF1FDE /* LocalDataBaseService.swift */,
			);
			path = Services;
			sourceTree = "<group>";
		};
/* End PBXGroup section */

/* Begin PBXNativeTarget section */
		FFF4E36424F2A99F008310B6 /* VKApp */ = {
			isa = PBXNativeTarget;
			buildConfigurationList = FFF4E37924F2A9A2008310B6 /* Build configuration list for PBXNativeTarget "VKApp" */;
			buildPhases = (
				FFF4E36124F2A99F008310B6 /* Sources */,
				FFF4E36224F2A99F008310B6 /* Frameworks */,
				FFF4E36324F2A99F008310B6 /* Resources */,
			);
			buildRules = (
			);
			dependencies = (
			);
			name = VKApp;
			productName = VKApp;
			productReference = FFF4E36524F2A99F008310B6 /* VKApp.app */;
			productType = "com.apple.product-type.application";
		};
/* End PBXNativeTarget section */

/* Begin PBXProject section */
		FFF4E35D24F2A99F008310B6 /* Project object */ = {
			isa = PBXProject;
			attributes = {
				LastSwiftUpdateCheck = 1160;
				LastUpgradeCheck = 1200;
				ORGANIZATIONNAME = OlwaStd;
				TargetAttributes = {
					FFF4E36424F2A99F008310B6 = {
						CreatedOnToolsVersion = 11.6;
					};
				};
			};
			buildConfigurationList = FFF4E36024F2A99F008310B6 /* Build configuration list for PBXProject "VKApp" */;
			compatibilityVersion = "Xcode 9.3";
			developmentRegion = en;
			hasScannedForEncodings = 0;
			knownRegions = (
				en,
				Base,
			);
			mainGroup = FFF4E35C24F2A99F008310B6;
			productRefGroup = FFF4E36624F2A99F008310B6 /* Products */;
			projectDirPath = "";
			projectRoot = "";
			targets = (
				FFF4E36424F2A99F008310B6 /* VKApp */,
			);
		};
/* End PBXProject section */

/* Begin PBXResourcesBuildPhase section */
		FFF4E36324F2A99F008310B6 /* Resources */ = {
			isa = PBXResourcesBuildPhase;
			buildActionMask = 2147483647;
			files = (
				FFF4E37524F2A9A2008310B6 /* LaunchScreen.storyboard in Resources */,
				FFF4E37224F2A9A2008310B6 /* Assets.xcassets in Resources */,
				FFF4E37024F2A99F008310B6 /* Main.storyboard in Resources */,
			);
			runOnlyForDeploymentPostprocessing = 0;
		};
/* End PBXResourcesBuildPhase section */

/* Begin PBXSourcesBuildPhase section */
		FFF4E36124F2A99F008310B6 /* Sources */ = {
			isa = PBXSourcesBuildPhase;
			buildActionMask = 2147483647;
			files = (
				FF21428524F7CF38000F4ED3 /* AllGroupsController.swift in Sources */,
				FF5EEF54251DF7DD006269BB /* Session.swift in Sources */,
				FF4B09832518CC86008CB18B /* GroupsCellHeaderItem.swift in Sources */,
				FF4F034225023CAE0022F310 /* AvatarView.swift in Sources */,
				FFD3A500252DED8000CF1FDE /* LocalDataBaseService.swift in Sources */,
				FF6F2D13250646CF003EC1E6 /* AllFriendsCellHeader.swift in Sources */,
				FFCD29632510EC9C00C7E83F /* CustomPopAnimator.swift in Sources */,
				FFF632812522141D001CF164 /* PhotosService.swift in Sources */,
				FFF4E36D24F2A99F008310B6 /* LoginViewController.swift in Sources */,
				FF2C5C4C2528D9580082C7B5 /* UrlService.swift in Sources */,
				FFF6327D25220C83001CF164 /* FriendsService.swift in Sources */,
				FF63784324F6F39700838F45 /* AllFriendsCell.swift in Sources */,
				FFCD296525111DE900C7E83F /* CustomNavigationController.swift in Sources */,
				FF6AC66D250D7E8000B95C75 /* LoadingAnimation.swift in Sources */,
				FFCD29672511503500C7E83F /* CustomInteractiveTransition.swift in Sources */,
				FFD3A4FA252DECB700CF1FDE /* User+CoreDataClass.swift in Sources */,
				FF4B097F2518CBC8008CB18B /* Group.swift in Sources */,
				FF4EEE952513AC4B00E1D814 /* Photo.swift in Sources */,
				FFD3A4F6252DEBFB00CF1FDE /* LocalDB.xcdatamodeld in Sources */,
				FFE762C42518BE81008DE0F9 /* AllGroupsCellHeader.swift in Sources */,
				FF63784124F6F38700838F45 /* AllFriendsController.swift in Sources */,
				FF30054C250AD46700B19AB2 /* NewsController.swift in Sources */,
				FFD3A4FB252DECB700CF1FDE /* User+CoreDataProperties.swift in Sources */,
				FF7B11B325027D3C00CAE117 /* LikedIt.swift in Sources */,
				FF21428F24F8131C000F4ED3 /* MyGroupsController.swift in Sources */,
				FF242A8625077BC100116C38 /* User.swift in Sources */,
				FFF4E36924F2A99F008310B6 /* AppDelegate.swift in Sources */,
				FFCD29612510E1D300C7E83F /* CustomPushAnimator.swift in Sources */,
				FF2D624525098B7600E15F65 /* FriendsCellHeaderItem.swift in Sources */,
				FFF4E36B24F2A99F008310B6 /* SceneDelegate.swift in Sources */,
				FF4F034425025FED0022F310 /* ShadowView.swift in Sources */,
				FF30054A250AD2E700B19AB2 /* NewsCell.swift in Sources */,
				FFCD295F250F547900C7E83F /* PhotoCell.swift in Sources */,
				FFD3A4F2252DE74C00CF1FDE /* CoreDataStack.swift in Sources */,
				FF21428724F7CF56000F4ED3 /* AllGroupsCell.swift in Sources */,
				FF21429124F8134F000F4ED3 /* MyGroupsCell.swift in Sources */,
				FFEFC7082504004700C95BA5 /* PhotoViewController.swift in Sources */,
				FFF6328425221464001CF164 /* GroupsService.swift in Sources */,
			);
			runOnlyForDeploymentPostprocessing = 0;
		};
/* End PBXSourcesBuildPhase section */

/* Begin PBXVariantGroup section */
		FFF4E36E24F2A99F008310B6 /* Main.storyboard */ = {
			isa = PBXVariantGroup;
			children = (
				FFF4E36F24F2A99F008310B6 /* Base */,
			);
			name = Main.storyboard;
			sourceTree = "<group>";
		};
		FFF4E37324F2A9A2008310B6 /* LaunchScreen.storyboard */ = {
			isa = PBXVariantGroup;
			children = (
				FFF4E37424F2A9A2008310B6 /* Base */,
			);
			name = LaunchScreen.storyboard;
			sourceTree = "<group>";
		};
/* End PBXVariantGroup section */

/* Begin XCBuildConfiguration section */
		FFF4E37724F2A9A2008310B6 /* Debug */ = {
			isa = XCBuildConfiguration;
			buildSettings = {
				ALWAYS_SEARCH_USER_PATHS = NO;
				CLANG_ANALYZER_NONNULL = YES;
				CLANG_ANALYZER_NUMBER_OBJECT_CONVERSION = YES_AGGRESSIVE;
				CLANG_CXX_LANGUAGE_STANDARD = "gnu++14";
				CLANG_CXX_LIBRARY = "libc++";
				CLANG_ENABLE_MODULES = YES;
				CLANG_ENABLE_OBJC_ARC = YES;
				CLANG_ENABLE_OBJC_WEAK = YES;
				CLANG_WARN_BLOCK_CAPTURE_AUTORELEASING = YES;
				CLANG_WARN_BOOL_CONVERSION = YES;
				CLANG_WARN_COMMA = YES;
				CLANG_WARN_CONSTANT_CONVERSION = YES;
				CLANG_WARN_DEPRECATED_OBJC_IMPLEMENTATIONS = YES;
				CLANG_WARN_DIRECT_OBJC_ISA_USAGE = YES_ERROR;
				CLANG_WARN_DOCUMENTATION_COMMENTS = YES;
				CLANG_WARN_EMPTY_BODY = YES;
				CLANG_WARN_ENUM_CONVERSION = YES;
				CLANG_WARN_INFINITE_RECURSION = YES;
				CLANG_WARN_INT_CONVERSION = YES;
				CLANG_WARN_NON_LITERAL_NULL_CONVERSION = YES;
				CLANG_WARN_OBJC_IMPLICIT_RETAIN_SELF = YES;
				CLANG_WARN_OBJC_LITERAL_CONVERSION = YES;
				CLANG_WARN_OBJC_ROOT_CLASS = YES_ERROR;
				CLANG_WARN_QUOTED_INCLUDE_IN_FRAMEWORK_HEADER = YES;
				CLANG_WARN_RANGE_LOOP_ANALYSIS = YES;
				CLANG_WARN_STRICT_PROTOTYPES = YES;
				CLANG_WARN_SUSPICIOUS_MOVE = YES;
				CLANG_WARN_UNGUARDED_AVAILABILITY = YES_AGGRESSIVE;
				CLANG_WARN_UNREACHABLE_CODE = YES;
				CLANG_WARN__DUPLICATE_METHOD_MATCH = YES;
				COPY_PHASE_STRIP = NO;
				DEBUG_INFORMATION_FORMAT = dwarf;
				ENABLE_STRICT_OBJC_MSGSEND = YES;
				ENABLE_TESTABILITY = YES;
				GCC_C_LANGUAGE_STANDARD = gnu11;
				GCC_DYNAMIC_NO_PIC = NO;
				GCC_NO_COMMON_BLOCKS = YES;
				GCC_OPTIMIZATION_LEVEL = 0;
				GCC_PREPROCESSOR_DEFINITIONS = (
					"DEBUG=1",
					"$(inherited)",
				);
				GCC_WARN_64_TO_32_BIT_CONVERSION = YES;
				GCC_WARN_ABOUT_RETURN_TYPE = YES_ERROR;
				GCC_WARN_UNDECLARED_SELECTOR = YES;
				GCC_WARN_UNINITIALIZED_AUTOS = YES_AGGRESSIVE;
				GCC_WARN_UNUSED_FUNCTION = YES;
				GCC_WARN_UNUSED_VARIABLE = YES;
				IPHONEOS_DEPLOYMENT_TARGET = 13.6;
				MTL_ENABLE_DEBUG_INFO = INCLUDE_SOURCE;
				MTL_FAST_MATH = YES;
				ONLY_ACTIVE_ARCH = YES;
				SDKROOT = iphoneos;
				SWIFT_ACTIVE_COMPILATION_CONDITIONS = DEBUG;
				SWIFT_OPTIMIZATION_LEVEL = "-Onone";
			};
			name = Debug;
		};
		FFF4E37824F2A9A2008310B6 /* Release */ = {
			isa = XCBuildConfiguration;
			buildSettings = {
				ALWAYS_SEARCH_USER_PATHS = NO;
				CLANG_ANALYZER_NONNULL = YES;
				CLANG_ANALYZER_NUMBER_OBJECT_CONVERSION = YES_AGGRESSIVE;
				CLANG_CXX_LANGUAGE_STANDARD = "gnu++14";
				CLANG_CXX_LIBRARY = "libc++";
				CLANG_ENABLE_MODULES = YES;
				CLANG_ENABLE_OBJC_ARC = YES;
				CLANG_ENABLE_OBJC_WEAK = YES;
				CLANG_WARN_BLOCK_CAPTURE_AUTORELEASING = YES;
				CLANG_WARN_BOOL_CONVERSION = YES;
				CLANG_WARN_COMMA = YES;
				CLANG_WARN_CONSTANT_CONVERSION = YES;
				CLANG_WARN_DEPRECATED_OBJC_IMPLEMENTATIONS = YES;
				CLANG_WARN_DIRECT_OBJC_ISA_USAGE = YES_ERROR;
				CLANG_WARN_DOCUMENTATION_COMMENTS = YES;
				CLANG_WARN_EMPTY_BODY = YES;
				CLANG_WARN_ENUM_CONVERSION = YES;
				CLANG_WARN_INFINITE_RECURSION = YES;
				CLANG_WARN_INT_CONVERSION = YES;
				CLANG_WARN_NON_LITERAL_NULL_CONVERSION = YES;
				CLANG_WARN_OBJC_IMPLICIT_RETAIN_SELF = YES;
				CLANG_WARN_OBJC_LITERAL_CONVERSION = YES;
				CLANG_WARN_OBJC_ROOT_CLASS = YES_ERROR;
				CLANG_WARN_QUOTED_INCLUDE_IN_FRAMEWORK_HEADER = YES;
				CLANG_WARN_RANGE_LOOP_ANALYSIS = YES;
				CLANG_WARN_STRICT_PROTOTYPES = YES;
				CLANG_WARN_SUSPICIOUS_MOVE = YES;
				CLANG_WARN_UNGUARDED_AVAILABILITY = YES_AGGRESSIVE;
				CLANG_WARN_UNREACHABLE_CODE = YES;
				CLANG_WARN__DUPLICATE_METHOD_MATCH = YES;
				COPY_PHASE_STRIP = NO;
				DEBUG_INFORMATION_FORMAT = "dwarf-with-dsym";
				ENABLE_NS_ASSERTIONS = NO;
				ENABLE_STRICT_OBJC_MSGSEND = YES;
				GCC_C_LANGUAGE_STANDARD = gnu11;
				GCC_NO_COMMON_BLOCKS = YES;
				GCC_WARN_64_TO_32_BIT_CONVERSION = YES;
				GCC_WARN_ABOUT_RETURN_TYPE = YES_ERROR;
				GCC_WARN_UNDECLARED_SELECTOR = YES;
				GCC_WARN_UNINITIALIZED_AUTOS = YES_AGGRESSIVE;
				GCC_WARN_UNUSED_FUNCTION = YES;
				GCC_WARN_UNUSED_VARIABLE = YES;
				IPHONEOS_DEPLOYMENT_TARGET = 13.6;
				MTL_ENABLE_DEBUG_INFO = NO;
				MTL_FAST_MATH = YES;
				SDKROOT = iphoneos;
				SWIFT_COMPILATION_MODE = wholemodule;
				SWIFT_OPTIMIZATION_LEVEL = "-O";
				VALIDATE_PRODUCT = YES;
			};
			name = Release;
		};
		FFF4E37A24F2A9A2008310B6 /* Debug */ = {
			isa = XCBuildConfiguration;
			buildSettings = {
				ASSETCATALOG_COMPILER_APPICON_NAME = AppIcon;
				CODE_SIGN_STYLE = Automatic;
				INFOPLIST_FILE = VKApp/SupportedFiles/Info.plist;
				LD_RUNPATH_SEARCH_PATHS = (
					"$(inherited)",
					"@executable_path/Frameworks",
				);
				PRODUCT_BUNDLE_IDENTIFIER = com.OlwaStd.VKApp;
				PRODUCT_NAME = "$(TARGET_NAME)";
				SWIFT_VERSION = 5.0;
				TARGETED_DEVICE_FAMILY = "1,2";
			};
			name = Debug;
		};
		FFF4E37B24F2A9A2008310B6 /* Release */ = {
			isa = XCBuildConfiguration;
			buildSettings = {
				ASSETCATALOG_COMPILER_APPICON_NAME = AppIcon;
				CODE_SIGN_STYLE = Automatic;
				INFOPLIST_FILE = VKApp/SupportedFiles/Info.plist;
				LD_RUNPATH_SEARCH_PATHS = (
					"$(inherited)",
					"@executable_path/Frameworks",
				);
				PRODUCT_BUNDLE_IDENTIFIER = com.OlwaStd.VKApp;
				PRODUCT_NAME = "$(TARGET_NAME)";
				SWIFT_VERSION = 5.0;
				TARGETED_DEVICE_FAMILY = "1,2";
			};
			name = Release;
		};
/* End XCBuildConfiguration section */

/* Begin XCConfigurationList section */
		FFF4E36024F2A99F008310B6 /* Build configuration list for PBXProject "VKApp" */ = {
			isa = XCConfigurationList;
			buildConfigurations = (
				FFF4E37724F2A9A2008310B6 /* Debug */,
				FFF4E37824F2A9A2008310B6 /* Release */,
			);
			defaultConfigurationIsVisible = 0;
			defaultConfigurationName = Release;
		};
		FFF4E37924F2A9A2008310B6 /* Build configuration list for PBXNativeTarget "VKApp" */ = {
			isa = XCConfigurationList;
			buildConfigurations = (
				FFF4E37A24F2A9A2008310B6 /* Debug */,
				FFF4E37B24F2A9A2008310B6 /* Release */,
			);
			defaultConfigurationIsVisible = 0;
			defaultConfigurationName = Release;
		};
/* End XCConfigurationList section */

/* Begin XCVersionGroup section */
		FFD3A4F4252DEBFB00CF1FDE /* LocalDB.xcdatamodeld */ = {
			isa = XCVersionGroup;
			children = (
				FFD3A4F5252DEBFB00CF1FDE /* LocalDB.xcdatamodel */,
			);
			currentVersion = FFD3A4F5252DEBFB00CF1FDE /* LocalDB.xcdatamodel */;
			path = LocalDB.xcdatamodeld;
			sourceTree = "<group>";
			versionGroupType = wrapper.xcdatamodel;
		};
/* End XCVersionGroup section */
	};
	rootObject = FFF4E35D24F2A99F008310B6 /* Project object */;
}
